dependencies:
- name: gadget
  repository: file:///home/mauriciov/kinvolk/ebpf/inspektor-gadget/charts/bin/gadget
  version: 1.0.0-dev
- name: pyroscope
  repository: https://grafana.github.io/helm-charts
  version: 1.15.0
- name: grafana
  repository: https://grafana.github.io/helm-charts
  version: 10.5.15
- name: prometheus
  repository: https://prometheus-community.github.io/helm-charts
  version: 28.13.0
digest: sha256:d9fb9c7ff62b6f96f55bc7d1fc5b39d140debce4dff1dfdf289326ae20ed77b3
generated: "2026-03-06T12:17:49.24848418-05:00"
