dependencies:
- name: gadget
  repository: oci://ghcr.io/inspektor-gadget/inspektor-gadget/charts
  version: 1.0.0-dev
- name: pyroscope
  repository: https://grafana.github.io/helm-charts
  version: 1.15.0
- name: prometheus
  repository: https://prometheus-community.github.io/helm-charts
  version: 28.13.0
digest: sha256:dba02c5bad8f2a1f53156df2c5898ddd8eeb21d911ecabc7aa809110d39834fd
generated: "2026-03-18T09:24:05.018972509+02:00"
