dependencies:
- name: gadget
  repository: oci://ghcr.io/inspektor-gadget/inspektor-gadget/charts
  version: 1.0.0-dev
- name: pyroscope
  repository: https://grafana.github.io/helm-charts
  version: 1.15.0
- name: grafana
  repository: https://grafana.github.io/helm-charts
  version: 10.5.15
- name: prometheus
  repository: https://prometheus-community.github.io/helm-charts
  version: 29.6.0
digest: sha256:dccc9c104e11a143c49c24ae8a3a230505d755d6bab5d4a3460689ec2462eaa5
generated: "2026-05-15T17:20:25.574808768-05:00"
